
Microsoft Visual Studio Solution File, Format Version 12.00
# Visual Studio Version 17
VisualStudioVersion = 17.3.32825.248
MinimumVisualStudioVersion = 10.0.40219.1
Project("{FAE04EC0-301F-11D3-BF4B-00C04F79EFBC}") = "qeueus", "qeueus\qeueus.csproj", "{73B2A49D-4EE8-4DC9-8B44-F3016CF07239}"
EndProject
Global
	GlobalSection(SolutionConfigurationPlatforms) = preSolution
		Debug|Any CPU = Debug|Any CPU
		Release|Any CPU = Release|Any CPU
	EndGlobalSection
	GlobalSection(ProjectConfigurationPlatforms) = postSolution
		{73B2A49D-4EE8-4DC9-8B44-F3016CF07239}.Debug|Any CPU.ActiveCfg = Debug|Any CPU
		{73B2A49D-4EE8-4DC9-8B44-F3016CF07239}.Debug|Any CPU.Build.0 = Debug|Any CPU
		{73B2A49D-4EE8-4DC9-8B44-F3016CF07239}.Release|Any CPU.ActiveCfg = Release|Any CPU
		{73B2A49D-4EE8-4DC9-8B44-F3016CF07239}.Release|Any CPU.Build.0 = Release|Any CPU
	EndGlobalSection
	GlobalSection(SolutionProperties) = preSolution
		HideSolutionNode = FALSE
	EndGlobalSection
	GlobalSection(ExtensibilityGlobals) = postSolution
		SolutionGuid = {118E5930-7898-4A91-AE57-DB7BADA649DD}
	EndGlobalSection
EndGlobal
